// !$*UTF8*$!
{
	archiveVersion = 1;
	classes = {
	};
	objectVersion = 46;
	objects = {

/* Begin PBXBuildFile section */
		852EC1BF159C4AA40018A30E /* CoreData.framework in Frameworks */ = {isa = PBXBuildFile; fileRef = 852EC1BE159C4AA40018A30E /* CoreData.framework */; };
		852EC1C3159C4AFA0018A30E /* ClassNote.xcdatamodeld in Sources */ = {isa = PBXBuildFile; fileRef = 852EC1C1159C4AFA0018A30E /* ClassNote.xcdatamodeld */; };
		85AB0AAD15988CD60065020C /* UIKit.framework in Frameworks */ = {isa = PBXBuildFile; fileRef = 85AB0AAC15988CD60065020C /* UIKit.framework */; };
		85AB0AAF15988CD60065020C /* Foundation.framework in Frameworks */ = {isa = PBXBuildFile; fileRef = 85AB0AAE15988CD60065020C /* Foundation.framework */; };
		85AB0AB115988CD60065020C /* CoreGraphics.framework in Frameworks */ = {isa = PBXBuildFile; fileRef = 85AB0AB015988CD60065020C /* CoreGraphics.framework */; };
		85AB0AB715988CD60065020C /* InfoPlist.strings in Resources */ = {isa = PBXBuildFile; fileRef = 85AB0AB515988CD60065020C /* InfoPlist.strings */; };
		85AB0AB915988CD60065020C /* main.m in Sources */ = {isa = PBXBuildFile; fileRef = 85AB0AB815988CD60065020C /* main.m */; };
		85AB0ABD15988CD60065020C /* HFAppDelegate.m in Sources */ = {isa = PBXBuildFile; fileRef = 85AB0ABC15988CD60065020C /* HFAppDelegate.m */; };
		85AB0AC015988CD60065020C /* HFViewController.m in Sources */ = {isa = PBXBuildFile; fileRef = 85AB0ABF15988CD60065020C /* HFViewController.m */; };
		85AB0AC315988CD60065020C /* HFViewController.xib in Resources */ = {isa = PBXBuildFile; fileRef = 85AB0AC115988CD60065020C /* HFViewController.xib */; };
		85AB0AFA15988E050065020C /* .gitignore in Resources */ = {isa = PBXBuildFile; fileRef = 85AB0ACA15988E050065020C /* .gitignore */; };
		85AB0B0815988E050065020C /* DTGridView.m in Sources */ = {isa = PBXBuildFile; fileRef = 85AB0AE515988E050065020C /* DTGridView.m */; };
		85AB0B0915988E050065020C /* DTGridViewCell.m in Sources */ = {isa = PBXBuildFile; fileRef = 85AB0AE715988E050065020C /* DTGridViewCell.m */; };
		85AB0B0A15988E050065020C /* DTGridViewController.m in Sources */ = {isa = PBXBuildFile; fileRef = 85AB0AEA15988E050065020C /* DTGridViewController.m */; };
		85AB0B0B15988E050065020C /* DTInfiniteGridView.m in Sources */ = {isa = PBXBuildFile; fileRef = 85AB0AED15988E050065020C /* DTInfiniteGridView.m */; };
		85AB0B0C15988E050065020C /* DTLabelsSnapGridViewCell.m in Sources */ = {isa = PBXBuildFile; fileRef = 85AB0AF015988E050065020C /* DTLabelsSnapGridViewCell.m */; };
		85AB0B0D15988E050065020C /* DTSnapGridView.m in Sources */ = {isa = PBXBuildFile; fileRef = 85AB0AF215988E050065020C /* DTSnapGridView.m */; };
		85AB0B0E15988E050065020C /* DTSnapGridViewCell.m in Sources */ = {isa = PBXBuildFile; fileRef = 85AB0AF415988E050065020C /* DTSnapGridViewCell.m */; };
		85AB0B0F15988E050065020C /* Readme.textile in Resources */ = {isa = PBXBuildFile; fileRef = 85AB0AF515988E050065020C /* Readme.textile */; };
		85AB0B1C15989C470065020C /* ClassCellView.xib in Resources */ = {isa = PBXBuildFile; fileRef = 85AB0B1B15989C470065020C /* ClassCellView.xib */; };
		85AB0B1F15989F540065020C /* HFClassGridViewCell.m in Sources */ = {isa = PBXBuildFile; fileRef = 85AB0B1E15989F540065020C /* HFClassGridViewCell.m */; };
		85E035D615F64FE70009FAB8 /* Localizable.strings in Resources */ = {isa = PBXBuildFile; fileRef = 85E035D815F64FE70009FAB8 /* Localizable.strings */; };
		85E644CD15F1C0A300AA0FA2 /* HFClass.m in Sources */ = {isa = PBXBuildFile; fileRef = 85E644CC15F1C0A300AA0FA2 /* HFClass.m */; };
		85F3568315997CCA000E1B6F /* DTGridViewAppDelegate.m in Sources */ = {isa = PBXBuildFile; fileRef = 85F3568215997CCA000E1B6F /* DTGridViewAppDelegate.m */; };
		85F35687159994D4000E1B6F /* HFClassEditViewController.m in Sources */ = {isa = PBXBuildFile; fileRef = 85F35685159994D3000E1B6F /* HFClassEditViewController.m */; };
		85F35688159994D4000E1B6F /* HFClassEditView.xib in Resources */ = {isa = PBXBuildFile; fileRef = 85F35686159994D3000E1B6F /* HFClassEditView.xib */; };
/* End PBXBuildFile section */

/* Begin PBXFileReference section */
		852EC1BE159C4AA40018A30E /* CoreData.framework */ = {isa = PBXFileReference; lastKnownFileType = wrapper.framework; name = CoreData.framework; path = System/Library/Frameworks/CoreData.framework; sourceTree = SDKROOT; };
		852EC1C2159C4AFA0018A30E /* ClassNote.xcdatamodel */ = {isa = PBXFileReference; lastKnownFileType = wrapper.xcdatamodel; path = ClassNote.xcdatamodel; sourceTree = "<group>"; };
		85AB0AA815988CD60065020C /* ClassNote.app */ = {isa = PBXFileReference; explicitFileType = wrapper.application; includeInIndex = 0; path = ClassNote.app; sourceTree = BUILT_PRODUCTS_DIR; };
		85AB0AAC15988CD60065020C /* UIKit.framework */ = {isa = PBXFileReference; lastKnownFileType = wrapper.framework; name = UIKit.framework; path = System/Library/Frameworks/UIKit.framework; sourceTree = SDKROOT; };
		85AB0AAE15988CD60065020C /* Foundation.framework */ = {isa = PBXFileReference; lastKnownFileType = wrapper.framework; name = Foundation.framework; path = System/Library/Frameworks/Foundation.framework; sourceTree = SDKROOT; };
		85AB0AB015988CD60065020C /* CoreGraphics.framework */ = {isa = PBXFileReference; lastKnownFileType = wrapper.framework; name = CoreGraphics.framework; path = System/Library/Frameworks/CoreGraphics.framework; sourceTree = SDKROOT; };
		85AB0AB415988CD60065020C /* ClassNote-Info.plist */ = {isa = PBXFileReference; lastKnownFileType = text.plist.xml; path = "ClassNote-Info.plist"; sourceTree = "<group>"; };
		85AB0AB615988CD60065020C /* en */ = {isa = PBXFileReference; lastKnownFileType = text.plist.strings; name = en; path = en.lproj/InfoPlist.strings; sourceTree = "<group>"; };
		85AB0AB815988CD60065020C /* main.m */ = {isa = PBXFileReference; lastKnownFileType = sourcecode.c.objc; path = main.m; sourceTree = "<group>"; };
		85AB0ABA15988CD60065020C /* ClassNote-Prefix.pch */ = {isa = PBXFileReference; lastKnownFileType = sourcecode.c.h; path = "ClassNote-Prefix.pch"; sourceTree = "<group>"; };
		85AB0ABB15988CD60065020C /* HFAppDelegate.h */ = {isa = PBXFileReference; lastKnownFileType = sourcecode.c.h; path = HFAppDelegate.h; sourceTree = "<group>"; };
		85AB0ABC15988CD60065020C /* HFAppDelegate.m */ = {isa = PBXFileReference; lastKnownFileType = sourcecode.c.objc; path = HFAppDelegate.m; sourceTree = "<group>"; };
		85AB0ABE15988CD60065020C /* HFViewController.h */ = {isa = PBXFileReference; lastKnownFileType = sourcecode.c.h; name = HFViewController.h; path = ClassNote/HFViewController.h; sourceTree = "<group>"; };
		85AB0ABF15988CD60065020C /* HFViewController.m */ = {isa = PBXFileReference; lastKnownFileType = sourcecode.c.objc; name = HFViewController.m; path = ClassNote/HFViewController.m; sourceTree = "<group>"; };
		85AB0AC215988CD60065020C /* en */ = {isa = PBXFileReference; lastKnownFileType = file.xib; name = en; path = en.lproj/HFViewController.xib; sourceTree = "<group>"; };
		85AB0ACA15988E050065020C /* .gitignore */ = {isa = PBXFileReference; fileEncoding = 4; lastKnownFileType = text; path = .gitignore; sourceTree = "<group>"; };
		85AB0AE415988E050065020C /* DTGridView.h */ = {isa = PBXFileReference; fileEncoding = 4; lastKnownFileType = sourcecode.c.h; path = DTGridView.h; sourceTree = "<group>"; };
		85AB0AE515988E050065020C /* DTGridView.m */ = {isa = PBXFileReference; fileEncoding = 4; lastKnownFileType = sourcecode.c.objc; path = DTGridView.m; sourceTree = "<group>"; };
		85AB0AE615988E050065020C /* DTGridViewCell.h */ = {isa = PBXFileReference; fileEncoding = 4; lastKnownFileType = sourcecode.c.h; path = DTGridViewCell.h; sourceTree = "<group>"; };
		85AB0AE715988E050065020C /* DTGridViewCell.m */ = {isa = PBXFileReference; fileEncoding = 4; lastKnownFileType = sourcecode.c.objc; path = DTGridViewCell.m; sourceTree = "<group>"; };
		85AB0AE815988E050065020C /* DTGridViewCellInfoProtocol.h */ = {isa = PBXFileReference; fileEncoding = 4; lastKnownFileType = sourcecode.c.h; path = DTGridViewCellInfoProtocol.h; sourceTree = "<group>"; };
		85AB0AE915988E050065020C /* DTGridViewController.h */ = {isa = PBXFileReference; fileEncoding = 4; lastKnownFileType = sourcecode.c.h; path = DTGridViewController.h; sourceTree = "<group>"; };
		85AB0AEA15988E050065020C /* DTGridViewController.m */ = {isa = PBXFileReference; fileEncoding = 4; lastKnownFileType = sourcecode.c.objc; path = DTGridViewController.m; sourceTree = "<group>"; };
		85AB0AEC15988E050065020C /* DTInfiniteGridView.h */ = {isa = PBXFileReference; fileEncoding = 4; lastKnownFileType = sourcecode.c.h; path = DTInfiniteGridView.h; sourceTree = "<group>"; };
		85AB0AED15988E050065020C /* DTInfiniteGridView.m */ = {isa = PBXFileReference; fileEncoding = 4; lastKnownFileType = sourcecode.c.objc; path = DTInfiniteGridView.m; sourceTree = "<group>"; };
		85AB0AEF15988E050065020C /* DTLabelsSnapGridViewCell.h */ = {isa = PBXFileReference; fileEncoding = 4; lastKnownFileType = sourcecode.c.h; path = DTLabelsSnapGridViewCell.h; sourceTree = "<group>"; };
		85AB0AF015988E050065020C /* DTLabelsSnapGridViewCell.m */ = {isa = PBXFileReference; fileEncoding = 4; lastKnownFileType = sourcecode.c.objc; path = DTLabelsSnapGridViewCell.m; sourceTree = "<group>"; };
		85AB0AF115988E050065020C /* DTSnapGridView.h */ = {isa = PBXFileReference; fileEncoding = 4; lastKnownFileType = sourcecode.c.h; path = DTSnapGridView.h; sourceTree = "<group>"; };
		85AB0AF215988E050065020C /* DTSnapGridView.m */ = {isa = PBXFileReference; fileEncoding = 4; lastKnownFileType = sourcecode.c.objc; path = DTSnapGridView.m; sourceTree = "<group>"; };
		85AB0AF315988E050065020C /* DTSnapGridViewCell.h */ = {isa = PBXFileReference; fileEncoding = 4; lastKnownFileType = sourcecode.c.h; path = DTSnapGridViewCell.h; sourceTree = "<group>"; };
		85AB0AF415988E050065020C /* DTSnapGridViewCell.m */ = {isa = PBXFileReference; fileEncoding = 4; lastKnownFileType = sourcecode.c.objc; path = DTSnapGridViewCell.m; sourceTree = "<group>"; };
		85AB0AF515988E050065020C /* Readme.textile */ = {isa = PBXFileReference; fileEncoding = 4; lastKnownFileType = text; path = Readme.textile; sourceTree = "<group>"; };
		85AB0B1B15989C470065020C /* ClassCellView.xib */ = {isa = PBXFileReference; fileEncoding = 4; lastKnownFileType = file.xib; path = ClassCellView.xib; sourceTree = "<group>"; };
		85AB0B1D15989F540065020C /* HFClassGridViewCell.h */ = {isa = PBXFileReference; fileEncoding = 4; lastKnownFileType = sourcecode.c.h; path = HFClassGridViewCell.h; sourceTree = "<group>"; };
		85AB0B1E15989F540065020C /* HFClassGridViewCell.m */ = {isa = PBXFileReference; fileEncoding = 4; lastKnownFileType = sourcecode.c.objc; path = HFClassGridViewCell.m; sourceTree = "<group>"; };
		85E035D715F64FE70009FAB8 /* en */ = {isa = PBXFileReference; lastKnownFileType = text.plist.strings; name = en; path = en.lproj/Localizable.strings; sourceTree = "<group>"; };
		85E035DA15F650180009FAB8 /* zh-Hans */ = {isa = PBXFileReference; lastKnownFileType = text.plist.strings; name = "zh-Hans"; path = "zh-Hans.lproj/Localizable.strings"; sourceTree = "<group>"; };
		85E644CB15F1C0A300AA0FA2 /* HFClass.h */ = {isa = PBXFileReference; fileEncoding = 4; lastKnownFileType = sourcecode.c.h; path = HFClass.h; sourceTree = "<group>"; };
		85E644CC15F1C0A300AA0FA2 /* HFClass.m */ = {isa = PBXFileReference; fileEncoding = 4; lastKnownFileType = sourcecode.c.objc; path = HFClass.m; sourceTree = "<group>"; };
		85F3568015997CBC000E1B6F /* DTGridViewAppDelegate.h */ = {isa = PBXFileReference; lastKnownFileType = sourcecode.c.h; path = DTGridViewAppDelegate.h; sourceTree = "<group>"; };
		85F3568215997CCA000E1B6F /* DTGridViewAppDelegate.m */ = {isa = PBXFileReference; fileEncoding = 4; lastKnownFileType = sourcecode.c.objc; path = DTGridViewAppDelegate.m; sourceTree = "<group>"; };
		85F35684159994D3000E1B6F /* HFClassEditViewController.h */ = {isa = PBXFileReference; fileEncoding = 4; lastKnownFileType = sourcecode.c.h; name = HFClassEditViewController.h; path = ClassNote/HFClassEditViewController.h; sourceTree = "<group>"; };
		85F35685159994D3000E1B6F /* HFClassEditViewController.m */ = {isa = PBXFileReference; fileEncoding = 4; lastKnownFileType = sourcecode.c.objc; name = HFClassEditViewController.m; path = ClassNote/HFClassEditViewController.m; sourceTree = "<group>"; };
		85F35686159994D3000E1B6F /* HFClassEditView.xib */ = {isa = PBXFileReference; fileEncoding = 4; lastKnownFileType = file.xib; name = HFClassEditView.xib; path = ClassNote/HFClassEditView.xib; sourceTree = "<group>"; };
/* End PBXFileReference section */

/* Begin PBXFrameworksBuildPhase section */
		85AB0AA515988CD60065020C /* Frameworks */ = {
			isa = PBXFrameworksBuildPhase;
			buildActionMask = 2147483647;
			files = (
				852EC1BF159C4AA40018A30E /* CoreData.framework in Frameworks */,
				85AB0AAD15988CD60065020C /* UIKit.framework in Frameworks */,
				85AB0AAF15988CD60065020C /* Foundation.framework in Frameworks */,
				85AB0AB115988CD60065020C /* CoreGraphics.framework in Frameworks */,
			);
			runOnlyForDeploymentPostprocessing = 0;
		};
/* End PBXFrameworksBuildPhase section */

/* Begin PBXGroup section */
		852EC1DA159C56830018A30E /* View Controllers */ = {
			isa = PBXGroup;
			children = (
				85F35684159994D3000E1B6F /* HFClassEditViewController.h */,
				85F35685159994D3000E1B6F /* HFClassEditViewController.m */,
				85AB0ABE15988CD60065020C /* HFViewController.h */,
				85AB0ABF15988CD60065020C /* HFViewController.m */,
				85F35686159994D3000E1B6F /* HFClassEditView.xib */,
				85AB0AC115988CD60065020C /* HFViewController.xib */,
			);
			name = "View Controllers";
			sourceTree = "<group>";
		};
		85AB0A9D15988CD50065020C = {
			isa = PBXGroup;
			children = (
				852EC1DA159C56830018A30E /* View Controllers */,
				85AB0AC915988E050065020C /* DTGridView */,
				85AB0AB215988CD60065020C /* ClassNote */,
				85AB0AAB15988CD60065020C /* Frameworks */,
				85AB0AA915988CD60065020C /* Products */,
			);
			sourceTree = "<group>";
		};
		85AB0AA915988CD60065020C /* Products */ = {
			isa = PBXGroup;
			children = (
				85AB0AA815988CD60065020C /* ClassNote.app */,
			);
			name = Products;
			sourceTree = "<group>";
		};
		85AB0AAB15988CD60065020C /* Frameworks */ = {
			isa = PBXGroup;
			children = (
				852EC1BE159C4AA40018A30E /* CoreData.framework */,
				85AB0AAC15988CD60065020C /* UIKit.framework */,
				85AB0AAE15988CD60065020C /* Foundation.framework */,
				85AB0AB015988CD60065020C /* CoreGraphics.framework */,
			);
			name = Frameworks;
			sourceTree = "<group>";
		};
		85AB0AB215988CD60065020C /* ClassNote */ = {
			isa = PBXGroup;
			children = (
				85E644CB15F1C0A300AA0FA2 /* HFClass.h */,
				85E644CC15F1C0A300AA0FA2 /* HFClass.m */,
				85F3568015997CBC000E1B6F /* DTGridViewAppDelegate.h */,
				85F3568215997CCA000E1B6F /* DTGridViewAppDelegate.m */,
				85AB0ABB15988CD60065020C /* HFAppDelegate.h */,
				85AB0ABC15988CD60065020C /* HFAppDelegate.m */,
				85AB0B1D15989F540065020C /* HFClassGridViewCell.h */,
				85AB0B1E15989F540065020C /* HFClassGridViewCell.m */,
				85AB0B1B15989C470065020C /* ClassCellView.xib */,
				85AB0AB315988CD60065020C /* Supporting Files */,
				852EC1C1159C4AFA0018A30E /* ClassNote.xcdatamodeld */,
			);
			path = ClassNote;
			sourceTree = "<group>";
		};
		85AB0AB315988CD60065020C /* Supporting Files */ = {
			isa = PBXGroup;
			children = (
				85AB0AB415988CD60065020C /* ClassNote-Info.plist */,
				85AB0AB515988CD60065020C /* InfoPlist.strings */,
				85AB0AB815988CD60065020C /* main.m */,
				85AB0ABA15988CD60065020C /* ClassNote-Prefix.pch */,
				85E035D815F64FE70009FAB8 /* Localizable.strings */,
			);
			name = "Supporting Files";
			sourceTree = "<group>";
		};
		85AB0AC915988E050065020C /* DTGridView */ = {
			isa = PBXGroup;
			children = (
				85AB0ACA15988E050065020C /* .gitignore */,
				85AB0AE415988E050065020C /* DTGridView.h */,
				85AB0AE515988E050065020C /* DTGridView.m */,
				85AB0AE615988E050065020C /* DTGridViewCell.h */,
				85AB0AE715988E050065020C /* DTGridViewCell.m */,
				85AB0AE815988E050065020C /* DTGridViewCellInfoProtocol.h */,
				85AB0AE915988E050065020C /* DTGridViewController.h */,
				85AB0AEA15988E050065020C /* DTGridViewController.m */,
				85AB0AEB15988E050065020C /* DTInfiniteGridView */,
				85AB0AEE15988E050065020C /* DTSnapGridView */,
				85AB0AF515988E050065020C /* Readme.textile */,
			);
			path = DTGridView;
			sourceTree = "<group>";
		};
		85AB0AEB15988E050065020C /* DTInfiniteGridView */ = {
			isa = PBXGroup;
			children = (
				85AB0AEC15988E050065020C /* DTInfiniteGridView.h */,
				85AB0AED15988E050065020C /* DTInfiniteGridView.m */,
			);
			path = DTInfiniteGridView;
			sourceTree = "<group>";
		};
		85AB0AEE15988E050065020C /* DTSnapGridView */ = {
			isa = PBXGroup;
			children = (
				85AB0AEF15988E050065020C /* DTLabelsSnapGridViewCell.h */,
				85AB0AF015988E050065020C /* DTLabelsSnapGridViewCell.m */,
				85AB0AF115988E050065020C /* DTSnapGridView.h */,
				85AB0AF215988E050065020C /* DTSnapGridView.m */,
				85AB0AF315988E050065020C /* DTSnapGridViewCell.h */,
				85AB0AF415988E050065020C /* DTSnapGridViewCell.m */,
			);
			path = DTSnapGridView;
			sourceTree = "<group>";
		};
/* End PBXGroup section */

/* Begin PBXNativeTarget section */
		85AB0AA715988CD60065020C /* ClassNote */ = {
			isa = PBXNativeTarget;
			buildConfigurationList = 85AB0AC615988CD60065020C /* Build configuration list for PBXNativeTarget "ClassNote" */;
			buildPhases = (
				85AB0AA415988CD60065020C /* Sources */,
				85AB0AA515988CD60065020C /* Frameworks */,
				85AB0AA615988CD60065020C /* Resources */,
			);
			buildRules = (
			);
			dependencies = (
			);
			name = ClassNote;
			productName = ClassNote;
			productReference = 85AB0AA815988CD60065020C /* ClassNote.app */;
			productType = "com.apple.product-type.application";
		};
/* End PBXNativeTarget section */

/* Begin PBXProject section */
		85AB0A9F15988CD50065020C /* Project object */ = {
			isa = PBXProject;
			attributes = {
				CLASSPREFIX = HF;
				LastUpgradeCheck = 0430;
				ORGANIZATIONNAME = HackFisher;
			};
			buildConfigurationList = 85AB0AA215988CD50065020C /* Build configuration list for PBXProject "ClassNote" */;
			compatibilityVersion = "Xcode 3.2";
			developmentRegion = English;
			hasScannedForEncodings = 0;
			knownRegions = (
				en,
				"zh-Hans",
			);
			mainGroup = 85AB0A9D15988CD50065020C;
			productRefGroup = 85AB0AA915988CD60065020C /* Products */;
			projectDirPath = "";
			projectRoot = "";
			targets = (
				85AB0AA715988CD60065020C /* ClassNote */,
			);
		};
/* End PBXProject section */

/* Begin PBXResourcesBuildPhase section */
		85AB0AA615988CD60065020C /* Resources */ = {
			isa = PBXResourcesBuildPhase;
			buildActionMask = 2147483647;
			files = (
				85AB0AB715988CD60065020C /* InfoPlist.strings in Resources */,
				85AB0AC315988CD60065020C /* HFViewController.xib in Resources */,
				85AB0AFA15988E050065020C /* .gitignore in Resources */,
				85AB0B0F15988E050065020C /* Readme.textile in Resources */,
				85AB0B1C15989C470065020C /* ClassCellView.xib in Resources */,
				85F35688159994D4000E1B6F /* HFClassEditView.xib in Resources */,
				85E035D615F64FE70009FAB8 /* Localizable.strings in Resources */,
			);
			runOnlyForDeploymentPostprocessing = 0;
		};
/* End PBXResourcesBuildPhase section */

/* Begin PBXSourcesBuildPhase section */
		85AB0AA415988CD60065020C /* Sources */ = {
			isa = PBXSourcesBuildPhase;
			buildActionMask = 2147483647;
			files = (
				85AB0AB915988CD60065020C /* main.m in Sources */,
				85AB0ABD15988CD60065020C /* HFAppDelegate.m in Sources */,
				85AB0AC015988CD60065020C /* HFViewController.m in Sources */,
				85AB0B0815988E050065020C /* DTGridView.m in Sources */,
				85AB0B0915988E050065020C /* DTGridViewCell.m in Sources */,
				85AB0B0A15988E050065020C /* DTGridViewController.m in Sources */,
				85AB0B0B15988E050065020C /* DTInfiniteGridView.m in Sources */,
				85AB0B0C15988E050065020C /* DTLabelsSnapGridViewCell.m in Sources */,
				85AB0B0D15988E050065020C /* DTSnapGridView.m in Sources */,
				85AB0B0E15988E050065020C /* DTSnapGridViewCell.m in Sources */,
				85AB0B1F15989F540065020C /* HFClassGridViewCell.m in Sources */,
				85F3568315997CCA000E1B6F /* DTGridViewAppDelegate.m in Sources */,
				85F35687159994D4000E1B6F /* HFClassEditViewController.m in Sources */,
				852EC1C3159C4AFA0018A30E /* ClassNote.xcdatamodeld in Sources */,
				85E644CD15F1C0A300AA0FA2 /* HFClass.m in Sources */,
			);
			runOnlyForDeploymentPostprocessing = 0;
		};
/* End PBXSourcesBuildPhase section */

/* Begin PBXVariantGroup section */
		85AB0AB515988CD60065020C /* InfoPlist.strings */ = {
			isa = PBXVariantGroup;
			children = (
				85AB0AB615988CD60065020C /* en */,
			);
			name = InfoPlist.strings;
			sourceTree = "<group>";
		};
		85AB0AC115988CD60065020C /* HFViewController.xib */ = {
			isa = PBXVariantGroup;
			children = (
				85AB0AC215988CD60065020C /* en */,
			);
			name = HFViewController.xib;
			path = ClassNote;
			sourceTree = "<group>";
		};
		85E035D815F64FE70009FAB8 /* Localizable.strings */ = {
			isa = PBXVariantGroup;
			children = (
				85E035D715F64FE70009FAB8 /* en */,
				85E035DA15F650180009FAB8 /* zh-Hans */,
			);
			name = Localizable.strings;
			sourceTree = "<group>";
		};
/* End PBXVariantGroup section */

/* Begin XCBuildConfiguration section */
		85AB0AC415988CD60065020C /* Debug */ = {
			isa = XCBuildConfiguration;
			buildSettings = {
				ALWAYS_SEARCH_USER_PATHS = NO;
				ARCHS = "$(ARCHS_STANDARD_32_BIT)";
				"CODE_SIGN_IDENTITY[sdk=iphoneos*]" = "iPhone Developer";
				COPY_PHASE_STRIP = NO;
				GCC_C_LANGUAGE_STANDARD = gnu99;
				GCC_DYNAMIC_NO_PIC = NO;
				GCC_OPTIMIZATION_LEVEL = 0;
				GCC_PREPROCESSOR_DEFINITIONS = (
					"DEBUG=1",
					"$(inherited)",
				);
				GCC_SYMBOLS_PRIVATE_EXTERN = NO;
				GCC_VERSION = com.apple.compilers.llvm.clang.1_0;
				GCC_WARN_ABOUT_RETURN_TYPE = YES;
				GCC_WARN_UNINITIALIZED_AUTOS = YES;
				GCC_WARN_UNUSED_VARIABLE = YES;
				IPHONEOS_DEPLOYMENT_TARGET = 5.1;
				SDKROOT = iphoneos;
			};
			name = Debug;
		};
		85AB0AC515988CD60065020C /* Release */ = {
			isa = XCBuildConfiguration;
			buildSettings = {
				ALWAYS_SEARCH_USER_PATHS = NO;
				ARCHS = "$(ARCHS_STANDARD_32_BIT)";
				"CODE_SIGN_IDENTITY[sdk=iphoneos*]" = "iPhone Developer";
				COPY_PHASE_STRIP = YES;
				GCC_C_LANGUAGE_STANDARD = gnu99;
				GCC_VERSION = com.apple.compilers.llvm.clang.1_0;
				GCC_WARN_ABOUT_RETURN_TYPE = YES;
				GCC_WARN_UNINITIALIZED_AUTOS = YES;
				GCC_WARN_UNUSED_VARIABLE = YES;
				IPHONEOS_DEPLOYMENT_TARGET = 5.1;
				OTHER_CFLAGS = "-DNS_BLOCK_ASSERTIONS=1";
				SDKROOT = iphoneos;
				VALIDATE_PRODUCT = YES;
			};
			name = Release;
		};
		85AB0AC715988CD60065020C /* Debug */ = {
			isa = XCBuildConfiguration;
			buildSettings = {
				GCC_PRECOMPILE_PREFIX_HEADER = YES;
				GCC_PREFIX_HEADER = "ClassNote/ClassNote-Prefix.pch";
				INFOPLIST_FILE = "ClassNote/ClassNote-Info.plist";
				PRODUCT_NAME = "$(TARGET_NAME)";
				WRAPPER_EXTENSION = app;
			};
			name = Debug;
		};
		85AB0AC815988CD60065020C /* Release */ = {
			isa = XCBuildConfiguration;
			buildSettings = {
				GCC_PRECOMPILE_PREFIX_HEADER = YES;
				GCC_PREFIX_HEADER = "ClassNote/ClassNote-Prefix.pch";
				INFOPLIST_FILE = "ClassNote/ClassNote-Info.plist";
				PRODUCT_NAME = "$(TARGET_NAME)";
				WRAPPER_EXTENSION = app;
			};
			name = Release;
		};
/* End XCBuildConfiguration section */

/* Begin XCConfigurationList section */
		85AB0AA215988CD50065020C /* Build configuration list for PBXProject "ClassNote" */ = {
			isa = XCConfigurationList;
			buildConfigurations = (
				85AB0AC415988CD60065020C /* Debug */,
				85AB0AC515988CD60065020C /* Release */,
			);
			defaultConfigurationIsVisible = 0;
			defaultConfigurationName = Release;
		};
		85AB0AC615988CD60065020C /* Build configuration list for PBXNativeTarget "ClassNote" */ = {
			isa = XCConfigurationList;
			buildConfigurations = (
				85AB0AC715988CD60065020C /* Debug */,
				85AB0AC815988CD60065020C /* Release */,
			);
			defaultConfigurationIsVisible = 0;
			defaultConfigurationName = Release;
		};
/* End XCConfigurationList section */

/* Begin XCVersionGroup section */
		852EC1C1159C4AFA0018A30E /* ClassNote.xcdatamodeld */ = {
			isa = XCVersionGroup;
			children = (
				852EC1C2159C4AFA0018A30E /* ClassNote.xcdatamodel */,
			);
			currentVersion = 852EC1C2159C4AFA0018A30E /* ClassNote.xcdatamodel */;
			path = ClassNote.xcdatamodeld;
			sourceTree = "<group>";
			versionGroupType = wrapper.xcdatamodel;
		};
/* End XCVersionGroup section */
	};
	rootObject = 85AB0A9F15988CD50065020C /* Project object */;
}
